{
  "name": "twist-screw",
  "version": "1.0.0",
  "lockfileVersion": 1,
  "requires": true,
  "dependencies": {
    "matrix-computations": {
      "version": "git+https://github.com/PeterTadich/matrix-computations.git#bd05c041e0d71bb7476bf0f1ce028bfc8028fdb5"
    },
    "pseudo-inverse": {
      "version": "git+https://github.com/PeterTadich/pseudo-inverse.git#fae2edba0001a78016000d465c72de86378ef1f6",
      "requires": {
        "matrix-computations": "git+https://github.com/PeterTadich/matrix-computations.git#bd05c041e0d71bb7476bf0f1ce028bfc8028fdb5",
        "singular-value-decomposition": "git+https://github.com/PeterTadich/singular-value-decomposition.git#d6cad6e30665dfe8e4d6c7e9340a432bf992dfd7"
      }
    },
    "singular-value-decomposition": {
      "version": "git+https://github.com/PeterTadich/singular-value-decomposition.git#d6cad6e30665dfe8e4d6c7e9340a432bf992dfd7",
      "requires": {
        "matrix-computations": "git+https://github.com/PeterTadich/matrix-computations.git#bd05c041e0d71bb7476bf0f1ce028bfc8028fdb5"
      }
    }
  }
}
